
Microsoft Visual Studio Solution File, Format Version 12.00
# Visual Studio Version 16
VisualStudioVersion = 16.0.31624.102
MinimumVisualStudioVersion = 10.0.40219.1
Project("{9A19103F-16F7-4668-BE54-9A1E7A4F7556}") = "Reactivities.Api", "Reactivities.Api\Reactivities.Api.csproj", "{14C29E4E-C981-4BB0-9735-C8F2B19365A4}"
EndProject
Project("{9A19103F-16F7-4668-BE54-9A1E7A4F7556}") = "Reactivities.Application", "Reactivities.Application\Reactivities.Application.csproj", "{47520B2A-6287-4256-B4CB-60D96078E15E}"
EndProject
Project("{9A19103F-16F7-4668-BE54-9A1E7A4F7556}") = "Reactivities.Domain", "Reactivities.Domain\Reactivities.Domain.csproj", "{ACDDBEE4-98C5-4EED-BC29-F8E559DE3942}"
EndProject
Project("{9A19103F-16F7-4668-BE54-9A1E7A4F7556}") = "Reactivities.Persistence", "Reactivities.Persistence\Reactivities.Persistence.csproj", "{9BE12D2C-7F89-499F-9760-D6EC445F24BB}"
EndProject
Project("{9A19103F-16F7-4668-BE54-9A1E7A4F7556}") = "Reactivities.Web", "Reactivities.Web\Reactivities.Web.csproj", "{DAF83D26-8B83-4826-B5FB-5CB569EBE1D6}"
EndProject
Project("{2150E333-8FDC-42A3-9474-1A3956D46DE8}") = "Presentation", "Presentation", "{F997E19B-8A42-487A-BA2E-76C3D2624837}"
EndProject
Project("{E24C65DC-7377-472B-9ABA-BC803B73C61A}") = "reactivities.client", "reactivities.client\", "{7D82D227-5069-4317-96DC-D7788DE79816}"
	ProjectSection(WebsiteProperties) = preProject
		TargetFrameworkMoniker = ".NETFramework,Version%3Dv4.0"
		Debug.AspNetCompiler.VirtualPath = "/localhost_59363"
		Debug.AspNetCompiler.PhysicalPath = "reactivities.client\"
		Debug.AspNetCompiler.TargetPath = "PrecompiledWeb\localhost_59363\"
		Debug.AspNetCompiler.Updateable = "true"
		Debug.AspNetCompiler.ForceOverwrite = "true"
		Debug.AspNetCompiler.FixedNames = "false"
		Debug.AspNetCompiler.Debug = "True"
		Release.AspNetCompiler.VirtualPath = "/localhost_59363"
		Release.AspNetCompiler.PhysicalPath = "reactivities.client\"
		Release.AspNetCompiler.TargetPath = "PrecompiledWeb\localhost_59363\"
		Release.AspNetCompiler.Updateable = "true"
		Release.AspNetCompiler.ForceOverwrite = "true"
		Release.AspNetCompiler.FixedNames = "false"
		Release.AspNetCompiler.Debug = "False"
		VWDPort = "59363"
	EndProjectSection
EndProject
Global
	GlobalSection(SolutionConfigurationPlatforms) = preSolution
		Debug|Any CPU = Debug|Any CPU
		Release|Any CPU = Release|Any CPU
	EndGlobalSection
	GlobalSection(ProjectConfigurationPlatforms) = postSolution
		{14C29E4E-C981-4BB0-9735-C8F2B19365A4}.Debug|Any CPU.ActiveCfg = Debug|Any CPU
		{14C29E4E-C981-4BB0-9735-C8F2B19365A4}.Debug|Any CPU.Build.0 = Debug|Any CPU
		{14C29E4E-C981-4BB0-9735-C8F2B19365A4}.Release|Any CPU.ActiveCfg = Release|Any CPU
		{14C29E4E-C981-4BB0-9735-C8F2B19365A4}.Release|Any CPU.Build.0 = Release|Any CPU
		{47520B2A-6287-4256-B4CB-60D96078E15E}.Debug|Any CPU.ActiveCfg = Debug|Any CPU
		{47520B2A-6287-4256-B4CB-60D96078E15E}.Debug|Any CPU.Build.0 = Debug|Any CPU
		{47520B2A-6287-4256-B4CB-60D96078E15E}.Release|Any CPU.ActiveCfg = Release|Any CPU
		{47520B2A-6287-4256-B4CB-60D96078E15E}.Release|Any CPU.Build.0 = Release|Any CPU
		{ACDDBEE4-98C5-4EED-BC29-F8E559DE3942}.Debug|Any CPU.ActiveCfg = Debug|Any CPU
		{ACDDBEE4-98C5-4EED-BC29-F8E559DE3942}.Debug|Any CPU.Build.0 = Debug|Any CPU
		{ACDDBEE4-98C5-4EED-BC29-F8E559DE3942}.Release|Any CPU.ActiveCfg = Release|Any CPU
		{ACDDBEE4-98C5-4EED-BC29-F8E559DE3942}.Release|Any CPU.Build.0 = Release|Any CPU
		{9BE12D2C-7F89-499F-9760-D6EC445F24BB}.Debug|Any CPU.ActiveCfg = Debug|Any CPU
		{9BE12D2C-7F89-499F-9760-D6EC445F24BB}.Debug|Any CPU.Build.0 = Debug|Any CPU
		{9BE12D2C-7F89-499F-9760-D6EC445F24BB}.Release|Any CPU.ActiveCfg = Release|Any CPU
		{9BE12D2C-7F89-499F-9760-D6EC445F24BB}.Release|Any CPU.Build.0 = Release|Any CPU
		{DAF83D26-8B83-4826-B5FB-5CB569EBE1D6}.Debug|Any CPU.ActiveCfg = Debug|Any CPU
		{DAF83D26-8B83-4826-B5FB-5CB569EBE1D6}.Debug|Any CPU.Build.0 = Debug|Any CPU
		{DAF83D26-8B83-4826-B5FB-5CB569EBE1D6}.Release|Any CPU.ActiveCfg = Release|Any CPU
		{DAF83D26-8B83-4826-B5FB-5CB569EBE1D6}.Release|Any CPU.Build.0 = Release|Any CPU
		{7D82D227-5069-4317-96DC-D7788DE79816}.Debug|Any CPU.ActiveCfg = Debug|Any CPU
		{7D82D227-5069-4317-96DC-D7788DE79816}.Release|Any CPU.ActiveCfg = Debug|Any CPU
		{7D82D227-5069-4317-96DC-D7788DE79816}.Release|Any CPU.Build.0 = Debug|Any CPU
	EndGlobalSection
	GlobalSection(SolutionProperties) = preSolution
		HideSolutionNode = FALSE
	EndGlobalSection
	GlobalSection(NestedProjects) = preSolution
		{14C29E4E-C981-4BB0-9735-C8F2B19365A4} = {F997E19B-8A42-487A-BA2E-76C3D2624837}
		{DAF83D26-8B83-4826-B5FB-5CB569EBE1D6} = {F997E19B-8A42-487A-BA2E-76C3D2624837}
		{7D82D227-5069-4317-96DC-D7788DE79816} = {F997E19B-8A42-487A-BA2E-76C3D2624837}
	EndGlobalSection
	GlobalSection(ExtensibilityGlobals) = postSolution
		SolutionGuid = {A68CC15D-49D2-470D-941A-AC0DE7B2DB42}
	EndGlobalSection
EndGlobal
